
Microsoft Visual Studio Solution File, Format Version 12.00
# Visual Studio Version 17
VisualStudioVersion = 17.8.34601.278
MinimumVisualStudioVersion = 10.0.40219.1
Project("{FAE04EC0-301F-11D3-BF4B-00C04F79EFBC}") = "GitHubExample2", "GitHubExample2.csproj", "{ECBBE8A2-5918-41E5-898C-AFC7EF6EA32B}"
EndProject
Global
	GlobalSection(SolutionConfigurationPlatforms) = preSolution
		Debug|Any CPU = Debug|Any CPU
		Release|Any CPU = Release|Any CPU
	EndGlobalSection
	GlobalSection(ProjectConfigurationPlatforms) = postSolution
		{ECBBE8A2-5918-41E5-898C-AFC7EF6EA32B}.Debug|Any CPU.ActiveCfg = Debug|Any CPU
		{ECBBE8A2-5918-41E5-898C-AFC7EF6EA32B}.Debug|Any CPU.Build.0 = Debug|Any CPU
		{ECBBE8A2-5918-41E5-898C-AFC7EF6EA32B}.Release|Any CPU.ActiveCfg = Release|Any CPU
		{ECBBE8A2-5918-41E5-898C-AFC7EF6EA32B}.Release|Any CPU.Build.0 = Release|Any CPU
	EndGlobalSection
	GlobalSection(SolutionProperties) = preSolution
		HideSolutionNode = FALSE
	EndGlobalSection
	GlobalSection(ExtensibilityGlobals) = postSolution
		SolutionGuid = {3A5AA5EF-257F-4504-94E3-45ED5F6F5083}
	EndGlobalSection
EndGlobal
